
Microsoft Visual Studio Solution File, Format Version 12.00
# Visual Studio Version 17
VisualStudioVersion = 17.3.32811.315
MinimumVisualStudioVersion = 10.0.40219.1
Project("{FAE04EC0-301F-11D3-BF4B-00C04F79EFBC}") = "FruitMarket", "FruitMarket\FruitMarket.csproj", "{0E1CD282-D2E5-430C-B862-FB487BA37D04}"
EndProject
Global
	GlobalSection(SolutionConfigurationPlatforms) = preSolution
		Debug|Any CPU = Debug|Any CPU
		Release|Any CPU = Release|Any CPU
	EndGlobalSection
	GlobalSection(ProjectConfigurationPlatforms) = postSolution
		{0E1CD282-D2E5-430C-B862-FB487BA37D04}.Debug|Any CPU.ActiveCfg = Debug|Any CPU
		{0E1CD282-D2E5-430C-B862-FB487BA37D04}.Debug|Any CPU.Build.0 = Debug|Any CPU
		{0E1CD282-D2E5-430C-B862-FB487BA37D04}.Release|Any CPU.ActiveCfg = Release|Any CPU
		{0E1CD282-D2E5-430C-B862-FB487BA37D04}.Release|Any CPU.Build.0 = Release|Any CPU
	EndGlobalSection
	GlobalSection(SolutionProperties) = preSolution
		HideSolutionNode = FALSE
	EndGlobalSection
	GlobalSection(ExtensibilityGlobals) = postSolution
		SolutionGuid = {A126594C-4865-43B1-9B08-B110C01377FA}
	EndGlobalSection
EndGlobal
